
Microsoft Visual Studio Solution File, Format Version 12.00
# Visual Studio 15
Project("{FAE04EC0-301F-11D3-BF4B-00C04F79EFBC}") = "helloworld.Android", "helloworld.Android\helloworld.Android.csproj", "{FD48435B-A49D-46F5-A946-0ED1BE2F9F85}"
EndProject
Project("{FAE04EC0-301F-11D3-BF4B-00C04F79EFBC}") = "helloworld.iOS", "helloworld.iOS\helloworld.iOS.csproj", "{C6B43718-CAD8-4877-9B70-503ED9752D1E}"
EndProject
Project("{FAE04EC0-301F-11D3-BF4B-00C04F79EFBC}") = "helloworld", "helloworld\helloworld.csproj", "{D828ECEA-1B0B-44C9-B8D0-41E3AB18F41E}"
EndProject
Project("{2150E333-8FDC-42A3-9474-1A3956D46DE8}") = "Solution Items", "Solution Items", "{61A1BE39-FEDE-47E9-AFD1-F39FB7407FF3}"
	ProjectSection(SolutionItems) = preProject
		README.md = README.md
	EndProjectSection
EndProject
Global
	GlobalSection(SolutionConfigurationPlatforms) = preSolution
		Debug|Any CPU = Debug|Any CPU
		Release|Any CPU = Release|Any CPU
		Debug|iPhoneSimulator = Debug|iPhoneSimulator
		Release|iPhoneSimulator = Release|iPhoneSimulator
		Debug|iPhone = Debug|iPhone
		Release|iPhone = Release|iPhone
	EndGlobalSection
	GlobalSection(ProjectConfigurationPlatforms) = postSolution
		{FD48435B-A49D-46F5-A946-0ED1BE2F9F85}.Debug|Any CPU.ActiveCfg = Debug|Any CPU
		{FD48435B-A49D-46F5-A946-0ED1BE2F9F85}.Debug|Any CPU.Build.0 = Debug|Any CPU
		{FD48435B-A49D-46F5-A946-0ED1BE2F9F85}.Release|Any CPU.ActiveCfg = Release|Any CPU
		{FD48435B-A49D-46F5-A946-0ED1BE2F9F85}.Release|Any CPU.Build.0 = Release|Any CPU
		{FD48435B-A49D-46F5-A946-0ED1BE2F9F85}.Debug|iPhoneSimulator.ActiveCfg = Debug|Any CPU
		{FD48435B-A49D-46F5-A946-0ED1BE2F9F85}.Debug|iPhoneSimulator.Build.0 = Debug|Any CPU
		{FD48435B-A49D-46F5-A946-0ED1BE2F9F85}.Release|iPhoneSimulator.ActiveCfg = Release|Any CPU
		{FD48435B-A49D-46F5-A946-0ED1BE2F9F85}.Release|iPhoneSimulator.Build.0 = Release|Any CPU
		{FD48435B-A49D-46F5-A946-0ED1BE2F9F85}.Debug|iPhone.ActiveCfg = Debug|Any CPU
		{FD48435B-A49D-46F5-A946-0ED1BE2F9F85}.Debug|iPhone.Build.0 = Debug|Any CPU
		{FD48435B-A49D-46F5-A946-0ED1BE2F9F85}.Release|iPhone.ActiveCfg = Release|Any CPU
		{FD48435B-A49D-46F5-A946-0ED1BE2F9F85}.Release|iPhone.Build.0 = Release|Any CPU
		{C6B43718-CAD8-4877-9B70-503ED9752D1E}.Debug|Any CPU.ActiveCfg = Debug|iPhoneSimulator
		{C6B43718-CAD8-4877-9B70-503ED9752D1E}.Debug|Any CPU.Build.0 = Debug|iPhoneSimulator
		{C6B43718-CAD8-4877-9B70-503ED9752D1E}.Release|Any CPU.ActiveCfg = Release|iPhoneSimulator
		{C6B43718-CAD8-4877-9B70-503ED9752D1E}.Release|Any CPU.Build.0 = Release|iPhoneSimulator
		{C6B43718-CAD8-4877-9B70-503ED9752D1E}.Debug|iPhoneSimulator.ActiveCfg = Debug|iPhoneSimulator
		{C6B43718-CAD8-4877-9B70-503ED9752D1E}.Debug|iPhoneSimulator.Build.0 = Debug|iPhoneSimulator
		{C6B43718-CAD8-4877-9B70-503ED9752D1E}.Release|iPhoneSimulator.ActiveCfg = Release|iPhoneSimulator
		{C6B43718-CAD8-4877-9B70-503ED9752D1E}.Release|iPhoneSimulator.Build.0 = Release|iPhoneSimulator
		{C6B43718-CAD8-4877-9B70-503ED9752D1E}.Debug|iPhone.ActiveCfg = Debug|iPhone
		{C6B43718-CAD8-4877-9B70-503ED9752D1E}.Debug|iPhone.Build.0 = Debug|iPhone
		{C6B43718-CAD8-4877-9B70-503ED9752D1E}.Release|iPhone.ActiveCfg = Release|iPhone
		{C6B43718-CAD8-4877-9B70-503ED9752D1E}.Release|iPhone.Build.0 = Release|iPhone
		{D828ECEA-1B0B-44C9-B8D0-41E3AB18F41E}.Debug|Any CPU.ActiveCfg = Debug|Any CPU
		{D828ECEA-1B0B-44C9-B8D0-41E3AB18F41E}.Debug|Any CPU.Build.0 = Debug|Any CPU
		{D828ECEA-1B0B-44C9-B8D0-41E3AB18F41E}.Release|Any CPU.ActiveCfg = Release|Any CPU
		{D828ECEA-1B0B-44C9-B8D0-41E3AB18F41E}.Release|Any CPU.Build.0 = Release|Any CPU
		{D828ECEA-1B0B-44C9-B8D0-41E3AB18F41E}.Debug|iPhoneSimulator.ActiveCfg = Debug|Any CPU
		{D828ECEA-1B0B-44C9-B8D0-41E3AB18F41E}.Debug|iPhoneSimulator.Build.0 = Debug|Any CPU
		{D828ECEA-1B0B-44C9-B8D0-41E3AB18F41E}.Release|iPhoneSimulator.ActiveCfg = Release|Any CPU
		{D828ECEA-1B0B-44C9-B8D0-41E3AB18F41E}.Release|iPhoneSimulator.Build.0 = Release|Any CPU
		{D828ECEA-1B0B-44C9-B8D0-41E3AB18F41E}.Debug|iPhone.ActiveCfg = Debug|Any CPU
		{D828ECEA-1B0B-44C9-B8D0-41E3AB18F41E}.Debug|iPhone.Build.0 = Debug|Any CPU
		{D828ECEA-1B0B-44C9-B8D0-41E3AB18F41E}.Release|iPhone.ActiveCfg = Release|Any CPU
		{D828ECEA-1B0B-44C9-B8D0-41E3AB18F41E}.Release|iPhone.Build.0 = Release|Any CPU
	EndGlobalSection
EndGlobal
